// !$*UTF8*$!
{
	archiveVersion = 1;
	classes = {
	};
	objectVersion = 46;
	objects = {

/* Begin PBXBuildFile section */
		033893B218DE849B00A2F8BA /* TMDetailViewController.m in Sources */ = {isa = PBXBuildFile; fileRef = 033893B018DE849B00A2F8BA /* TMDetailViewController.m */; };
		033893B318DE849B00A2F8BA /* TMDetailViewController.xib in Resources */ = {isa = PBXBuildFile; fileRef = 033893B118DE849B00A2F8BA /* TMDetailViewController.xib */; };
		0342220B18D7D77300320A3C /* TMItem.m in Sources */ = {isa = PBXBuildFile; fileRef = 0342220A18D7D77300320A3C /* TMItem.m */; };
		0342220E18D7D88900320A3C /* TMItemFrame.m in Sources */ = {isa = PBXBuildFile; fileRef = 0342220D18D7D88900320A3C /* TMItemFrame.m */; };
		0342221118D8149200320A3C /* TMItemCell.m in Sources */ = {isa = PBXBuildFile; fileRef = 0342221018D8149200320A3C /* TMItemCell.m */; };
		036D208E18E55AA700F7A2DE /* TMPublicMethod.m in Sources */ = {isa = PBXBuildFile; fileRef = 036D208D18E55AA700F7A2DE /* TMPublicMethod.m */; };
		039C9A4318DAC7BF0010CD6C /* TMRootTableViewController.m in Sources */ = {isa = PBXBuildFile; fileRef = 039C9A4118DAC7BF0010CD6C /* TMRootTableViewController.m */; };
		039C9A4418DAC7BF0010CD6C /* TMRootTableViewController.xib in Resources */ = {isa = PBXBuildFile; fileRef = 039C9A4218DAC7BF0010CD6C /* TMRootTableViewController.xib */; };
		039C9A4718DAE1850010CD6C /* TMItemModel.m in Sources */ = {isa = PBXBuildFile; fileRef = 039C9A4618DAE1850010CD6C /* TMItemModel.m */; };
		03AF9E0618E1685B00778C19 /* bg1.jpg in Resources */ = {isa = PBXBuildFile; fileRef = 03AF9E0518E1685B00778C19 /* bg1.jpg */; };
		03EDF8EF18D6CC60007790B6 /* Foundation.framework in Frameworks */ = {isa = PBXBuildFile; fileRef = 03EDF8EE18D6CC60007790B6 /* Foundation.framework */; };
		03EDF8F118D6CC60007790B6 /* CoreGraphics.framework in Frameworks */ = {isa = PBXBuildFile; fileRef = 03EDF8F018D6CC60007790B6 /* CoreGraphics.framework */; };
		03EDF8F318D6CC60007790B6 /* UIKit.framework in Frameworks */ = {isa = PBXBuildFile; fileRef = 03EDF8F218D6CC60007790B6 /* UIKit.framework */; };
		03EDF8F918D6CC60007790B6 /* InfoPlist.strings in Resources */ = {isa = PBXBuildFile; fileRef = 03EDF8F718D6CC60007790B6 /* InfoPlist.strings */; };
		03EDF8FB18D6CC60007790B6 /* main.m in Sources */ = {isa = PBXBuildFile; fileRef = 03EDF8FA18D6CC60007790B6 /* main.m */; };
		03EDF8FF18D6CC60007790B6 /* TMAppDelegate.m in Sources */ = {isa = PBXBuildFile; fileRef = 03EDF8FE18D6CC60007790B6 /* TMAppDelegate.m */; };
		03EDF90118D6CC60007790B6 /* Images.xcassets in Resources */ = {isa = PBXBuildFile; fileRef = 03EDF90018D6CC60007790B6 /* Images.xcassets */; };
		03EDF90818D6CC60007790B6 /* XCTest.framework in Frameworks */ = {isa = PBXBuildFile; fileRef = 03EDF90718D6CC60007790B6 /* XCTest.framework */; };
		03EDF90918D6CC60007790B6 /* Foundation.framework in Frameworks */ = {isa = PBXBuildFile; fileRef = 03EDF8EE18D6CC60007790B6 /* Foundation.framework */; };
		03EDF90A18D6CC60007790B6 /* UIKit.framework in Frameworks */ = {isa = PBXBuildFile; fileRef = 03EDF8F218D6CC60007790B6 /* UIKit.framework */; };
		03EDF91218D6CC60007790B6 /* InfoPlist.strings in Resources */ = {isa = PBXBuildFile; fileRef = 03EDF91018D6CC60007790B6 /* InfoPlist.strings */; };
		03EDF91418D6CC60007790B6 /* TimeManagerTests.m in Sources */ = {isa = PBXBuildFile; fileRef = 03EDF91318D6CC60007790B6 /* TimeManagerTests.m */; };
/* End PBXBuildFile section */

/* Begin PBXContainerItemProxy section */
		03EDF90B18D6CC60007790B6 /* PBXContainerItemProxy */ = {
			isa = PBXContainerItemProxy;
			containerPortal = 03EDF8E318D6CC60007790B6 /* Project object */;
			proxyType = 1;
			remoteGlobalIDString = 03EDF8EA18D6CC60007790B6;
			remoteInfo = TimeManager;
		};
/* End PBXContainerItemProxy section */

/* Begin PBXFileReference section */
		033893AF18DE849B00A2F8BA /* TMDetailViewController.h */ = {isa = PBXFileReference; fileEncoding = 4; lastKnownFileType = sourcecode.c.h; path = TMDetailViewController.h; sourceTree = "<group>"; };
		033893B018DE849B00A2F8BA /* TMDetailViewController.m */ = {isa = PBXFileReference; fileEncoding = 4; lastKnownFileType = sourcecode.c.objc; path = TMDetailViewController.m; sourceTree = "<group>"; };
		033893B118DE849B00A2F8BA /* TMDetailViewController.xib */ = {isa = PBXFileReference; fileEncoding = 4; lastKnownFileType = file.xib; path = TMDetailViewController.xib; sourceTree = "<group>"; };
		0342220918D7D77300320A3C /* TMItem.h */ = {isa = PBXFileReference; fileEncoding = 4; lastKnownFileType = sourcecode.c.h; path = TMItem.h; sourceTree = "<group>"; };
		0342220A18D7D77300320A3C /* TMItem.m */ = {isa = PBXFileReference; fileEncoding = 4; lastKnownFileType = sourcecode.c.objc; path = TMItem.m; sourceTree = "<group>"; };
		0342220C18D7D88900320A3C /* TMItemFrame.h */ = {isa = PBXFileReference; fileEncoding = 4; lastKnownFileType = sourcecode.c.h; path = TMItemFrame.h; sourceTree = "<group>"; };
		0342220D18D7D88900320A3C /* TMItemFrame.m */ = {isa = PBXFileReference; fileEncoding = 4; lastKnownFileType = sourcecode.c.objc; path = TMItemFrame.m; sourceTree = "<group>"; };
		0342220F18D8149200320A3C /* TMItemCell.h */ = {isa = PBXFileReference; fileEncoding = 4; lastKnownFileType = sourcecode.c.h; path = TMItemCell.h; sourceTree = "<group>"; };
		0342221018D8149200320A3C /* TMItemCell.m */ = {isa = PBXFileReference; fileEncoding = 4; lastKnownFileType = sourcecode.c.objc; path = TMItemCell.m; sourceTree = "<group>"; };
		036D208C18E55AA700F7A2DE /* TMPublicMethod.h */ = {isa = PBXFileReference; fileEncoding = 4; lastKnownFileType = sourcecode.c.h; path = TMPublicMethod.h; sourceTree = "<group>"; };
		036D208D18E55AA700F7A2DE /* TMPublicMethod.m */ = {isa = PBXFileReference; fileEncoding = 4; lastKnownFileType = sourcecode.c.objc; path = TMPublicMethod.m; sourceTree = "<group>"; };
		039C9A4018DAC7BF0010CD6C /* TMRootTableViewController.h */ = {isa = PBXFileReference; fileEncoding = 4; lastKnownFileType = sourcecode.c.h; path = TMRootTableViewController.h; sourceTree = "<group>"; };
		039C9A4118DAC7BF0010CD6C /* TMRootTableViewController.m */ = {isa = PBXFileReference; fileEncoding = 4; lastKnownFileType = sourcecode.c.objc; path = TMRootTableViewController.m; sourceTree = "<group>"; };
		039C9A4218DAC7BF0010CD6C /* TMRootTableViewController.xib */ = {isa = PBXFileReference; fileEncoding = 4; lastKnownFileType = file.xib; path = TMRootTableViewController.xib; sourceTree = "<group>"; };
		039C9A4518DAE1850010CD6C /* TMItemModel.h */ = {isa = PBXFileReference; fileEncoding = 4; lastKnownFileType = sourcecode.c.h; path = TMItemModel.h; sourceTree = "<group>"; };
		039C9A4618DAE1850010CD6C /* TMItemModel.m */ = {isa = PBXFileReference; fileEncoding = 4; lastKnownFileType = sourcecode.c.objc; path = TMItemModel.m; sourceTree = "<group>"; };
		03AF9E0518E1685B00778C19 /* bg1.jpg */ = {isa = PBXFileReference; lastKnownFileType = image.jpeg; name = bg1.jpg; path = ../../../../../Stone/new/images/bg1.jpg; sourceTree = "<group>"; };
		03EDF8EB18D6CC60007790B6 /* TimeManager.app */ = {isa = PBXFileReference; explicitFileType = wrapper.application; includeInIndex = 0; path = TimeManager.app; sourceTree = BUILT_PRODUCTS_DIR; };
		03EDF8EE18D6CC60007790B6 /* Foundation.framework */ = {isa = PBXFileReference; lastKnownFileType = wrapper.framework; name = Foundation.framework; path = System/Library/Frameworks/Foundation.framework; sourceTree = SDKROOT; };
		03EDF8F018D6CC60007790B6 /* CoreGraphics.framework */ = {isa = PBXFileReference; lastKnownFileType = wrapper.framework; name = CoreGraphics.framework; path = System/Library/Frameworks/CoreGraphics.framework; sourceTree = SDKROOT; };
		03EDF8F218D6CC60007790B6 /* UIKit.framework */ = {isa = PBXFileReference; lastKnownFileType = wrapper.framework; name = UIKit.framework; path = System/Library/Frameworks/UIKit.framework; sourceTree = SDKROOT; };
		03EDF8F618D6CC60007790B6 /* TimeManager-Info.plist */ = {isa = PBXFileReference; lastKnownFileType = text.plist.xml; path = "TimeManager-Info.plist"; sourceTree = "<group>"; };
		03EDF8F818D6CC60007790B6 /* en */ = {isa = PBXFileReference; lastKnownFileType = text.plist.strings; name = en; path = en.lproj/InfoPlist.strings; sourceTree = "<group>"; };
		03EDF8FA18D6CC60007790B6 /* main.m */ = {isa = PBXFileReference; lastKnownFileType = sourcecode.c.objc; path = main.m; sourceTree = "<group>"; };
		03EDF8FC18D6CC60007790B6 /* TimeManager-Prefix.pch */ = {isa = PBXFileReference; lastKnownFileType = sourcecode.c.h; path = "TimeManager-Prefix.pch"; sourceTree = "<group>"; };
		03EDF8FD18D6CC60007790B6 /* TMAppDelegate.h */ = {isa = PBXFileReference; lastKnownFileType = sourcecode.c.h; path = TMAppDelegate.h; sourceTree = "<group>"; };
		03EDF8FE18D6CC60007790B6 /* TMAppDelegate.m */ = {isa = PBXFileReference; lastKnownFileType = sourcecode.c.objc; path = TMAppDelegate.m; sourceTree = "<group>"; };
		03EDF90018D6CC60007790B6 /* Images.xcassets */ = {isa = PBXFileReference; lastKnownFileType = folder.assetcatalog; path = Images.xcassets; sourceTree = "<group>"; };
		03EDF90618D6CC60007790B6 /* TimeManagerTests.xctest */ = {isa = PBXFileReference; explicitFileType = wrapper.cfbundle; includeInIndex = 0; path = TimeManagerTests.xctest; sourceTree = BUILT_PRODUCTS_DIR; };
		03EDF90718D6CC60007790B6 /* XCTest.framework */ = {isa = PBXFileReference; lastKnownFileType = wrapper.framework; name = XCTest.framework; path = Library/Frameworks/XCTest.framework; sourceTree = DEVELOPER_DIR; };
		03EDF90F18D6CC60007790B6 /* TimeManagerTests-Info.plist */ = {isa = PBXFileReference; lastKnownFileType = text.plist.xml; path = "TimeManagerTests-Info.plist"; sourceTree = "<group>"; };
		03EDF91118D6CC60007790B6 /* en */ = {isa = PBXFileReference; lastKnownFileType = text.plist.strings; name = en; path = en.lproj/InfoPlist.strings; sourceTree = "<group>"; };
		03EDF91318D6CC60007790B6 /* TimeManagerTests.m */ = {isa = PBXFileReference; lastKnownFileType = sourcecode.c.objc; path = TimeManagerTests.m; sourceTree = "<group>"; };
/* End PBXFileReference section */

/* Begin PBXFrameworksBuildPhase section */
		03EDF8E818D6CC60007790B6 /* Frameworks */ = {
			isa = PBXFrameworksBuildPhase;
			buildActionMask = 2147483647;
			files = (
				03EDF8F118D6CC60007790B6 /* CoreGraphics.framework in Frameworks */,
				03EDF8F318D6CC60007790B6 /* UIKit.framework in Frameworks */,
				03EDF8EF18D6CC60007790B6 /* Foundation.framework in Frameworks */,
			);
			runOnlyForDeploymentPostprocessing = 0;
		};
		03EDF90318D6CC60007790B6 /* Frameworks */ = {
			isa = PBXFrameworksBuildPhase;
			buildActionMask = 2147483647;
			files = (
				03EDF90818D6CC60007790B6 /* XCTest.framework in Frameworks */,
				03EDF90A18D6CC60007790B6 /* UIKit.framework in Frameworks */,
				03EDF90918D6CC60007790B6 /* Foundation.framework in Frameworks */,
			);
			runOnlyForDeploymentPostprocessing = 0;
		};
/* End PBXFrameworksBuildPhase section */

/* Begin PBXGroup section */
		03AF9E0418E1684A00778C19 /* Images */ = {
			isa = PBXGroup;
			children = (
				03AF9E0518E1685B00778C19 /* bg1.jpg */,
			);
			name = Images;
			sourceTree = "<group>";
		};
		03EDF8E218D6CC60007790B6 = {
			isa = PBXGroup;
			children = (
				03EDF8F418D6CC60007790B6 /* TimeManager */,
				03EDF90D18D6CC60007790B6 /* TimeManagerTests */,
				03EDF8ED18D6CC60007790B6 /* Frameworks */,
				03EDF8EC18D6CC60007790B6 /* Products */,
				03AF9E0418E1684A00778C19 /* Images */,
			);
			sourceTree = "<group>";
		};
		03EDF8EC18D6CC60007790B6 /* Products */ = {
			isa = PBXGroup;
			children = (
				03EDF8EB18D6CC60007790B6 /* TimeManager.app */,
				03EDF90618D6CC60007790B6 /* TimeManagerTests.xctest */,
			);
			name = Products;
			sourceTree = "<group>";
		};
		03EDF8ED18D6CC60007790B6 /* Frameworks */ = {
			isa = PBXGroup;
			children = (
				03EDF8EE18D6CC60007790B6 /* Foundation.framework */,
				03EDF8F018D6CC60007790B6 /* CoreGraphics.framework */,
				03EDF8F218D6CC60007790B6 /* UIKit.framework */,
				03EDF90718D6CC60007790B6 /* XCTest.framework */,
			);
			name = Frameworks;
			sourceTree = "<group>";
		};
		03EDF8F418D6CC60007790B6 /* TimeManager */ = {
			isa = PBXGroup;
			children = (
				03EDF91D18D6CCF5007790B6 /* Classes */,
				03EDF8FD18D6CC60007790B6 /* TMAppDelegate.h */,
				03EDF8FE18D6CC60007790B6 /* TMAppDelegate.m */,
				03EDF90018D6CC60007790B6 /* Images.xcassets */,
				03EDF8F518D6CC60007790B6 /* Supporting Files */,
			);
			path = TimeManager;
			sourceTree = "<group>";
		};
		03EDF8F518D6CC60007790B6 /* Supporting Files */ = {
			isa = PBXGroup;
			children = (
				03EDF8F618D6CC60007790B6 /* TimeManager-Info.plist */,
				03EDF8F718D6CC60007790B6 /* InfoPlist.strings */,
				03EDF8FA18D6CC60007790B6 /* main.m */,
				03EDF8FC18D6CC60007790B6 /* TimeManager-Prefix.pch */,
			);
			name = "Supporting Files";
			sourceTree = "<group>";
		};
		03EDF90D18D6CC60007790B6 /* TimeManagerTests */ = {
			isa = PBXGroup;
			children = (
				03EDF91318D6CC60007790B6 /* TimeManagerTests.m */,
				03EDF90E18D6CC60007790B6 /* Supporting Files */,
			);
			path = TimeManagerTests;
			sourceTree = "<group>";
		};
		03EDF90E18D6CC60007790B6 /* Supporting Files */ = {
			isa = PBXGroup;
			children = (
				03EDF90F18D6CC60007790B6 /* TimeManagerTests-Info.plist */,
				03EDF91018D6CC60007790B6 /* InfoPlist.strings */,
			);
			name = "Supporting Files";
			sourceTree = "<group>";
		};
		03EDF91D18D6CCF5007790B6 /* Classes */ = {
			isa = PBXGroup;
			children = (
				03EDF92018D6CD29007790B6 /* Views */,
				03EDF91F18D6CD1C007790B6 /* Models */,
				03EDF91E18D6CD10007790B6 /* Controllers */,
			);
			name = Classes;
			sourceTree = "<group>";
		};
		03EDF91E18D6CD10007790B6 /* Controllers */ = {
			isa = PBXGroup;
			children = (
				039C9A4018DAC7BF0010CD6C /* TMRootTableViewController.h */,
				039C9A4118DAC7BF0010CD6C /* TMRootTableViewController.m */,
				039C9A4218DAC7BF0010CD6C /* TMRootTableViewController.xib */,
				033893AF18DE849B00A2F8BA /* TMDetailViewController.h */,
				033893B018DE849B00A2F8BA /* TMDetailViewController.m */,
				033893B118DE849B00A2F8BA /* TMDetailViewController.xib */,
			);
			name = Controllers;
			sourceTree = "<group>";
		};
		03EDF91F18D6CD1C007790B6 /* Models */ = {
			isa = PBXGroup;
			children = (
				039C9A4518DAE1850010CD6C /* TMItemModel.h */,
				039C9A4618DAE1850010CD6C /* TMItemModel.m */,
				036D208C18E55AA700F7A2DE /* TMPublicMethod.h */,
				036D208D18E55AA700F7A2DE /* TMPublicMethod.m */,
			);
			name = Models;
			sourceTree = "<group>";
		};
		03EDF92018D6CD29007790B6 /* Views */ = {
			isa = PBXGroup;
			children = (
				0342220918D7D77300320A3C /* TMItem.h */,
				0342220A18D7D77300320A3C /* TMItem.m */,
				0342220C18D7D88900320A3C /* TMItemFrame.h */,
				0342220D18D7D88900320A3C /* TMItemFrame.m */,
				0342220F18D8149200320A3C /* TMItemCell.h */,
				0342221018D8149200320A3C /* TMItemCell.m */,
			);
			name = Views;
			sourceTree = "<group>";
		};
/* End PBXGroup section */

/* Begin PBXNativeTarget section */
		03EDF8EA18D6CC60007790B6 /* TimeManager */ = {
			isa = PBXNativeTarget;
			buildConfigurationList = 03EDF91718D6CC60007790B6 /* Build configuration list for PBXNativeTarget "TimeManager" */;
			buildPhases = (
				03EDF8E718D6CC60007790B6 /* Sources */,
				03EDF8E818D6CC60007790B6 /* Frameworks */,
				03EDF8E918D6CC60007790B6 /* Resources */,
			);
			buildRules = (
			);
			dependencies = (
			);
			name = TimeManager;
			productName = TimeManager;
			productReference = 03EDF8EB18D6CC60007790B6 /* TimeManager.app */;
			productType = "com.apple.product-type.application";
		};
		03EDF90518D6CC60007790B6 /* TimeManagerTests */ = {
			isa = PBXNativeTarget;
			buildConfigurationList = 03EDF91A18D6CC60007790B6 /* Build configuration list for PBXNativeTarget "TimeManagerTests" */;
			buildPhases = (
				03EDF90218D6CC60007790B6 /* Sources */,
				03EDF90318D6CC60007790B6 /* Frameworks */,
				03EDF90418D6CC60007790B6 /* Resources */,
			);
			buildRules = (
			);
			dependencies = (
				03EDF90C18D6CC60007790B6 /* PBXTargetDependency */,
			);
			name = TimeManagerTests;
			productName = TimeManagerTests;
			productReference = 03EDF90618D6CC60007790B6 /* TimeManagerTests.xctest */;
			productType = "com.apple.product-type.bundle.unit-test";
		};
/* End PBXNativeTarget section */

/* Begin PBXProject section */
		03EDF8E318D6CC60007790B6 /* Project object */ = {
			isa = PBXProject;
			attributes = {
				CLASSPREFIX = TM;
				LastUpgradeCheck = 0500;
				ORGANIZATIONNAME = stone;
				TargetAttributes = {
					03EDF90518D6CC60007790B6 = {
						TestTargetID = 03EDF8EA18D6CC60007790B6;
					};
				};
			};
			buildConfigurationList = 03EDF8E618D6CC60007790B6 /* Build configuration list for PBXProject "TimeManager" */;
			compatibilityVersion = "Xcode 3.2";
			developmentRegion = English;
			hasScannedForEncodings = 0;
			knownRegions = (
				en,
			);
			mainGroup = 03EDF8E218D6CC60007790B6;
			productRefGroup = 03EDF8EC18D6CC60007790B6 /* Products */;
			projectDirPath = "";
			projectRoot = "";
			targets = (
				03EDF8EA18D6CC60007790B6 /* TimeManager */,
				03EDF90518D6CC60007790B6 /* TimeManagerTests */,
			);
		};
/* End PBXProject section */

/* Begin PBXResourcesBuildPhase section */
		03EDF8E918D6CC60007790B6 /* Resources */ = {
			isa = PBXResourcesBuildPhase;
			buildActionMask = 2147483647;
			files = (
				03AF9E0618E1685B00778C19 /* bg1.jpg in Resources */,
				03EDF8F918D6CC60007790B6 /* InfoPlist.strings in Resources */,
				03EDF90118D6CC60007790B6 /* Images.xcassets in Resources */,
				033893B318DE849B00A2F8BA /* TMDetailViewController.xib in Resources */,
				039C9A4418DAC7BF0010CD6C /* TMRootTableViewController.xib in Resources */,
			);
			runOnlyForDeploymentPostprocessing = 0;
		};
		03EDF90418D6CC60007790B6 /* Resources */ = {
			isa = PBXResourcesBuildPhase;
			buildActionMask = 2147483647;
			files = (
				03EDF91218D6CC60007790B6 /* InfoPlist.strings in Resources */,
			);
			runOnlyForDeploymentPostprocessing = 0;
		};
/* End PBXResourcesBuildPhase section */

/* Begin PBXSourcesBuildPhase section */
		03EDF8E718D6CC60007790B6 /* Sources */ = {
			isa = PBXSourcesBuildPhase;
			buildActionMask = 2147483647;
			files = (
				039C9A4318DAC7BF0010CD6C /* TMRootTableViewController.m in Sources */,
				039C9A4718DAE1850010CD6C /* TMItemModel.m in Sources */,
				0342220E18D7D88900320A3C /* TMItemFrame.m in Sources */,
				0342221118D8149200320A3C /* TMItemCell.m in Sources */,
				03EDF8FB18D6CC60007790B6 /* main.m in Sources */,
				036D208E18E55AA700F7A2DE /* TMPublicMethod.m in Sources */,
				03EDF8FF18D6CC60007790B6 /* TMAppDelegate.m in Sources */,
				033893B218DE849B00A2F8BA /* TMDetailViewController.m in Sources */,
				0342220B18D7D77300320A3C /* TMItem.m in Sources */,
			);
			runOnlyForDeploymentPostprocessing = 0;
		};
		03EDF90218D6CC60007790B6 /* Sources */ = {
			isa = PBXSourcesBuildPhase;
			buildActionMask = 2147483647;
			files = (
				03EDF91418D6CC60007790B6 /* TimeManagerTests.m in Sources */,
			);
			runOnlyForDeploymentPostprocessing = 0;
		};
/* End PBXSourcesBuildPhase section */

/* Begin PBXTargetDependency section */
		03EDF90C18D6CC60007790B6 /* PBXTargetDependency */ = {
			isa = PBXTargetDependency;
			target = 03EDF8EA18D6CC60007790B6 /* TimeManager */;
			targetProxy = 03EDF90B18D6CC60007790B6 /* PBXContainerItemProxy */;
		};
/* End PBXTargetDependency section */

/* Begin PBXVariantGroup section */
		03EDF8F718D6CC60007790B6 /* InfoPlist.strings */ = {
			isa = PBXVariantGroup;
			children = (
				03EDF8F818D6CC60007790B6 /* en */,
			);
			name = InfoPlist.strings;
			sourceTree = "<group>";
		};
		03EDF91018D6CC60007790B6 /* InfoPlist.strings */ = {
			isa = PBXVariantGroup;
			children = (
				03EDF91118D6CC60007790B6 /* en */,
			);
			name = InfoPlist.strings;
			sourceTree = "<group>";
		};
/* End PBXVariantGroup section */

/* Begin XCBuildConfiguration section */
		03EDF91518D6CC60007790B6 /* Debug */ = {
			isa = XCBuildConfiguration;
			buildSettings = {
				ALWAYS_SEARCH_USER_PATHS = NO;
				ARCHS = "$(ARCHS_STANDARD_INCLUDING_64_BIT)";
				CLANG_CXX_LANGUAGE_STANDARD = "gnu++0x";
				CLANG_CXX_LIBRARY = "libc++";
				CLANG_ENABLE_MODULES = YES;
				CLANG_ENABLE_OBJC_ARC = YES;
				CLANG_WARN_BOOL_CONVERSION = YES;
				CLANG_WARN_CONSTANT_CONVERSION = YES;
				CLANG_WARN_DIRECT_OBJC_ISA_USAGE = YES_ERROR;
				CLANG_WARN_EMPTY_BODY = YES;
				CLANG_WARN_ENUM_CONVERSION = YES;
				CLANG_WARN_INT_CONVERSION = YES;
				CLANG_WARN_OBJC_ROOT_CLASS = YES_ERROR;
				CLANG_WARN__DUPLICATE_METHOD_MATCH = YES;
				"CODE_SIGN_IDENTITY[sdk=iphoneos*]" = "iPhone Developer";
				COPY_PHASE_STRIP = NO;
				GCC_C_LANGUAGE_STANDARD = gnu99;
				GCC_DYNAMIC_NO_PIC = NO;
				GCC_OPTIMIZATION_LEVEL = 0;
				GCC_PREPROCESSOR_DEFINITIONS = (
					"DEBUG=1",
					"$(inherited)",
				);
				GCC_SYMBOLS_PRIVATE_EXTERN = NO;
				GCC_WARN_64_TO_32_BIT_CONVERSION = YES;
				GCC_WARN_ABOUT_RETURN_TYPE = YES_ERROR;
				GCC_WARN_UNDECLARED_SELECTOR = YES;
				GCC_WARN_UNINITIALIZED_AUTOS = YES;
				GCC_WARN_UNUSED_FUNCTION = YES;
				GCC_WARN_UNUSED_VARIABLE = YES;
				IPHONEOS_DEPLOYMENT_TARGET = 7.0;
				ONLY_ACTIVE_ARCH = YES;
				SDKROOT = iphoneos;
				TARGETED_DEVICE_FAMILY = "1,2";
			};
			name = Debug;
		};
		03EDF91618D6CC60007790B6 /* Release */ = {
			isa = XCBuildConfiguration;
			buildSettings = {
				ALWAYS_SEARCH_USER_PATHS = NO;
				ARCHS = "$(ARCHS_STANDARD_INCLUDING_64_BIT)";
				CLANG_CXX_LANGUAGE_STANDARD = "gnu++0x";
				CLANG_CXX_LIBRARY = "libc++";
				CLANG_ENABLE_MODULES = YES;
				CLANG_ENABLE_OBJC_ARC = YES;
				CLANG_WARN_BOOL_CONVERSION = YES;
				CLANG_WARN_CONSTANT_CONVERSION = YES;
				CLANG_WARN_DIRECT_OBJC_ISA_USAGE = YES_ERROR;
				CLANG_WARN_EMPTY_BODY = YES;
				CLANG_WARN_ENUM_CONVERSION = YES;
				CLANG_WARN_INT_CONVERSION = YES;
				CLANG_WARN_OBJC_ROOT_CLASS = YES_ERROR;
				CLANG_WARN__DUPLICATE_METHOD_MATCH = YES;
				"CODE_SIGN_IDENTITY[sdk=iphoneos*]" = "iPhone Developer";
				COPY_PHASE_STRIP = YES;
				ENABLE_NS_ASSERTIONS = NO;
				GCC_C_LANGUAGE_STANDARD = gnu99;
				GCC_WARN_64_TO_32_BIT_CONVERSION = YES;
				GCC_WARN_ABOUT_RETURN_TYPE = YES_ERROR;
				GCC_WARN_UNDECLARED_SELECTOR = YES;
				GCC_WARN_UNINITIALIZED_AUTOS = YES;
				GCC_WARN_UNUSED_FUNCTION = YES;
				GCC_WARN_UNUSED_VARIABLE = YES;
				IPHONEOS_DEPLOYMENT_TARGET = 7.0;
				SDKROOT = iphoneos;
				TARGETED_DEVICE_FAMILY = "1,2";
				VALIDATE_PRODUCT = YES;
			};
			name = Release;
		};
		03EDF91818D6CC60007790B6 /* Debug */ = {
			isa = XCBuildConfiguration;
			buildSettings = {
				ASSETCATALOG_COMPILER_APPICON_NAME = AppIcon;
				ASSETCATALOG_COMPILER_LAUNCHIMAGE_NAME = LaunchImage;
				GCC_PRECOMPILE_PREFIX_HEADER = YES;
				GCC_PREFIX_HEADER = "TimeManager/TimeManager-Prefix.pch";
				INFOPLIST_FILE = "TimeManager/TimeManager-Info.plist";
				PRODUCT_NAME = "$(TARGET_NAME)";
				WRAPPER_EXTENSION = app;
			};
			name = Debug;
		};
		03EDF91918D6CC60007790B6 /* Release */ = {
			isa = XCBuildConfiguration;
			buildSettings = {
				ASSETCATALOG_COMPILER_APPICON_NAME = AppIcon;
				ASSETCATALOG_COMPILER_LAUNCHIMAGE_NAME = LaunchImage;
				GCC_PRECOMPILE_PREFIX_HEADER = YES;
				GCC_PREFIX_HEADER = "TimeManager/TimeManager-Prefix.pch";
				INFOPLIST_FILE = "TimeManager/TimeManager-Info.plist";
				PRODUCT_NAME = "$(TARGET_NAME)";
				WRAPPER_EXTENSION = app;
			};
			name = Release;
		};
		03EDF91B18D6CC60007790B6 /* Debug */ = {
			isa = XCBuildConfiguration;
			buildSettings = {
				ARCHS = "$(ARCHS_STANDARD_INCLUDING_64_BIT)";
				BUNDLE_LOADER = "$(BUILT_PRODUCTS_DIR)/TimeManager.app/TimeManager";
				FRAMEWORK_SEARCH_PATHS = (
					"$(SDKROOT)/Developer/Library/Frameworks",
					"$(inherited)",
					"$(DEVELOPER_FRAMEWORKS_DIR)",
				);
				GCC_PRECOMPILE_PREFIX_HEADER = YES;
				GCC_PREFIX_HEADER = "TimeManager/TimeManager-Prefix.pch";
				GCC_PREPROCESSOR_DEFINITIONS = (
					"DEBUG=1",
					"$(inherited)",
				);
				INFOPLIST_FILE = "TimeManagerTests/TimeManagerTests-Info.plist";
				PRODUCT_NAME = "$(TARGET_NAME)";
				TEST_HOST = "$(BUNDLE_LOADER)";
				WRAPPER_EXTENSION = xctest;
			};
			name = Debug;
		};
		03EDF91C18D6CC60007790B6 /* Release */ = {
			isa = XCBuildConfiguration;
			buildSettings = {
				ARCHS = "$(ARCHS_STANDARD_INCLUDING_64_BIT)";
				BUNDLE_LOADER = "$(BUILT_PRODUCTS_DIR)/TimeManager.app/TimeManager";
				FRAMEWORK_SEARCH_PATHS = (
					"$(SDKROOT)/Developer/Library/Frameworks",
					"$(inherited)",
					"$(DEVELOPER_FRAMEWORKS_DIR)",
				);
				GCC_PRECOMPILE_PREFIX_HEADER = YES;
				GCC_PREFIX_HEADER = "TimeManager/TimeManager-Prefix.pch";
				INFOPLIST_FILE = "TimeManagerTests/TimeManagerTests-Info.plist";
				PRODUCT_NAME = "$(TARGET_NAME)";
				TEST_HOST = "$(BUNDLE_LOADER)";
				WRAPPER_EXTENSION = xctest;
			};
			name = Release;
		};
/* End XCBuildConfiguration section */

/* Begin XCConfigurationList section */
		03EDF8E618D6CC60007790B6 /* Build configuration list for PBXProject "TimeManager" */ = {
			isa = XCConfigurationList;
			buildConfigurations = (
				03EDF91518D6CC60007790B6 /* Debug */,
				03EDF91618D6CC60007790B6 /* Release */,
			);
			defaultConfigurationIsVisible = 0;
			defaultConfigurationName = Release;
		};
		03EDF91718D6CC60007790B6 /* Build configuration list for PBXNativeTarget "TimeManager" */ = {
			isa = XCConfigurationList;
			buildConfigurations = (
				03EDF91818D6CC60007790B6 /* Debug */,
				03EDF91918D6CC60007790B6 /* Release */,
			);
			defaultConfigurationIsVisible = 0;
			defaultConfigurationName = Release;
		};
		03EDF91A18D6CC60007790B6 /* Build configuration list for PBXNativeTarget "TimeManagerTests" */ = {
			isa = XCConfigurationList;
			buildConfigurations = (
				03EDF91B18D6CC60007790B6 /* Debug */,
				03EDF91C18D6CC60007790B6 /* Release */,
			);
			defaultConfigurationIsVisible = 0;
			defaultConfigurationName = Release;
		};
/* End XCConfigurationList section */
	};
	rootObject = 03EDF8E318D6CC60007790B6 /* Project object */;
}
